
Microsoft Visual Studio Solution File, Format Version 12.00
# Visual Studio Version 16
VisualStudioVersion = 16.0.30611.23
MinimumVisualStudioVersion = 10.0.40219.1
Project("{FAE04EC0-301F-11D3-BF4B-00C04F79EFBC}") = "WpfBMI", "WpfBMI\WpfBMI.csproj", "{5B57EF4E-CF5B-4953-9146-D4B42DE8EAC3}"
EndProject
Project("{FAE04EC0-301F-11D3-BF4B-00C04F79EFBC}") = "WpfInterest", "WpfInterest\WpfInterest.csproj", "{E4616477-5A7B-4837-9195-BD01987FA71A}"
EndProject
Project("{FAE04EC0-301F-11D3-BF4B-00C04F79EFBC}") = "WpfIngredienten", "WpfIngredienten\WpfIngredienten.csproj", "{3276C4B6-28B7-4343-B93B-1E5C51C1CA5B}"
EndProject
Project("{FAE04EC0-301F-11D3-BF4B-00C04F79EFBC}") = "WpfIngredienten (vervolg)", "WpfIngredienten (vervolg)\WpfIngredienten (vervolg).csproj", "{E452426B-2B18-499D-8805-5AA780580C0F}"
EndProject
Project("{FAE04EC0-301F-11D3-BF4B-00C04F79EFBC}") = "WpfAlcohol", "WpfAlcohol\WpfAlcohol.csproj", "{6A26E20A-499F-4A61-A77B-296026837025}"
EndProject
Project("{FAE04EC0-301F-11D3-BF4B-00C04F79EFBC}") = "WpfCalculator", "WpfCalculator\WpfCalculator.csproj", "{52D0817E-E0CA-4AF1-90FC-1568D2DEA118}"
EndProject
Project("{FAE04EC0-301F-11D3-BF4B-00C04F79EFBC}") = "ConsoleBMI", "ConsoleBMI\ConsoleBMI.csproj", "{F9D728F3-FFBD-4264-A79B-D7D5FC5BA2CB}"
EndProject
Project("{FAE04EC0-301F-11D3-BF4B-00C04F79EFBC}") = "ConsoleKarakter", "ConsoleKarakter\ConsoleKarakter.csproj", "{E3D364DD-9B6C-420D-91D8-AE488463A53B}"
EndProject
Project("{FAE04EC0-301F-11D3-BF4B-00C04F79EFBC}") = "ConsoleHms", "ConsoleHms\ConsoleHms.csproj", "{1A2DF158-FCB0-42C8-934D-56CC8A3BF1C2}"
EndProject
Global
	GlobalSection(SolutionConfigurationPlatforms) = preSolution
		Debug|Any CPU = Debug|Any CPU
		Release|Any CPU = Release|Any CPU
	EndGlobalSection
	GlobalSection(ProjectConfigurationPlatforms) = postSolution
		{5B57EF4E-CF5B-4953-9146-D4B42DE8EAC3}.Debug|Any CPU.ActiveCfg = Debug|Any CPU
		{5B57EF4E-CF5B-4953-9146-D4B42DE8EAC3}.Debug|Any CPU.Build.0 = Debug|Any CPU
		{5B57EF4E-CF5B-4953-9146-D4B42DE8EAC3}.Release|Any CPU.ActiveCfg = Release|Any CPU
		{5B57EF4E-CF5B-4953-9146-D4B42DE8EAC3}.Release|Any CPU.Build.0 = Release|Any CPU
		{E4616477-5A7B-4837-9195-BD01987FA71A}.Debug|Any CPU.ActiveCfg = Debug|Any CPU
		{E4616477-5A7B-4837-9195-BD01987FA71A}.Debug|Any CPU.Build.0 = Debug|Any CPU
		{E4616477-5A7B-4837-9195-BD01987FA71A}.Release|Any CPU.ActiveCfg = Release|Any CPU
		{E4616477-5A7B-4837-9195-BD01987FA71A}.Release|Any CPU.Build.0 = Release|Any CPU
		{3276C4B6-28B7-4343-B93B-1E5C51C1CA5B}.Debug|Any CPU.ActiveCfg = Debug|Any CPU
		{3276C4B6-28B7-4343-B93B-1E5C51C1CA5B}.Debug|Any CPU.Build.0 = Debug|Any CPU
		{3276C4B6-28B7-4343-B93B-1E5C51C1CA5B}.Release|Any CPU.ActiveCfg = Release|Any CPU
		{3276C4B6-28B7-4343-B93B-1E5C51C1CA5B}.Release|Any CPU.Build.0 = Release|Any CPU
		{E452426B-2B18-499D-8805-5AA780580C0F}.Debug|Any CPU.ActiveCfg = Debug|Any CPU
		{E452426B-2B18-499D-8805-5AA780580C0F}.Debug|Any CPU.Build.0 = Debug|Any CPU
		{E452426B-2B18-499D-8805-5AA780580C0F}.Release|Any CPU.ActiveCfg = Release|Any CPU
		{E452426B-2B18-499D-8805-5AA780580C0F}.Release|Any CPU.Build.0 = Release|Any CPU
		{6A26E20A-499F-4A61-A77B-296026837025}.Debug|Any CPU.ActiveCfg = Debug|Any CPU
		{6A26E20A-499F-4A61-A77B-296026837025}.Debug|Any CPU.Build.0 = Debug|Any CPU
		{6A26E20A-499F-4A61-A77B-296026837025}.Release|Any CPU.ActiveCfg = Release|Any CPU
		{6A26E20A-499F-4A61-A77B-296026837025}.Release|Any CPU.Build.0 = Release|Any CPU
		{52D0817E-E0CA-4AF1-90FC-1568D2DEA118}.Debug|Any CPU.ActiveCfg = Debug|Any CPU
		{52D0817E-E0CA-4AF1-90FC-1568D2DEA118}.Debug|Any CPU.Build.0 = Debug|Any CPU
		{52D0817E-E0CA-4AF1-90FC-1568D2DEA118}.Release|Any CPU.ActiveCfg = Release|Any CPU
		{52D0817E-E0CA-4AF1-90FC-1568D2DEA118}.Release|Any CPU.Build.0 = Release|Any CPU
		{F9D728F3-FFBD-4264-A79B-D7D5FC5BA2CB}.Debug|Any CPU.ActiveCfg = Debug|Any CPU
		{F9D728F3-FFBD-4264-A79B-D7D5FC5BA2CB}.Debug|Any CPU.Build.0 = Debug|Any CPU
		{F9D728F3-FFBD-4264-A79B-D7D5FC5BA2CB}.Release|Any CPU.ActiveCfg = Release|Any CPU
		{F9D728F3-FFBD-4264-A79B-D7D5FC5BA2CB}.Release|Any CPU.Build.0 = Release|Any CPU
		{E3D364DD-9B6C-420D-91D8-AE488463A53B}.Debug|Any CPU.ActiveCfg = Debug|Any CPU
		{E3D364DD-9B6C-420D-91D8-AE488463A53B}.Debug|Any CPU.Build.0 = Debug|Any CPU
		{E3D364DD-9B6C-420D-91D8-AE488463A53B}.Release|Any CPU.ActiveCfg = Release|Any CPU
		{E3D364DD-9B6C-420D-91D8-AE488463A53B}.Release|Any CPU.Build.0 = Release|Any CPU
		{1A2DF158-FCB0-42C8-934D-56CC8A3BF1C2}.Debug|Any CPU.ActiveCfg = Debug|Any CPU
		{1A2DF158-FCB0-42C8-934D-56CC8A3BF1C2}.Debug|Any CPU.Build.0 = Debug|Any CPU
		{1A2DF158-FCB0-42C8-934D-56CC8A3BF1C2}.Release|Any CPU.ActiveCfg = Release|Any CPU
		{1A2DF158-FCB0-42C8-934D-56CC8A3BF1C2}.Release|Any CPU.Build.0 = Release|Any CPU
	EndGlobalSection
	GlobalSection(SolutionProperties) = preSolution
		HideSolutionNode = FALSE
	EndGlobalSection
	GlobalSection(ExtensibilityGlobals) = postSolution
		SolutionGuid = {0ADB99F4-0F28-405E-83EC-FD4B2EF85E15}
	EndGlobalSection
EndGlobal
