
Microsoft Visual Studio Solution File, Format Version 12.00
# Visual Studio Version 16
VisualStudioVersion = 16.0.30611.23
MinimumVisualStudioVersion = 10.0.40219.1
Project("{FAE04EC0-301F-11D3-BF4B-00C04F79EFBC}") = "WpfDatumkiezer", "WpfDatumkiezer\WpfDatumkiezer.csproj", "{0363B8CE-9B4D-4D9D-8964-4B7C69869E24}"
EndProject
Project("{FAE04EC0-301F-11D3-BF4B-00C04F79EFBC}") = "WpfGebruikersnaam", "WpfGebruikersnaam\WpfGebruikersnaam.csproj", "{A66CF950-F6D1-42C6-A0C9-D1E49AD8BFE1}"
EndProject
Project("{FAE04EC0-301F-11D3-BF4B-00C04F79EFBC}") = "WpfOxo", "WpfOxo\WpfOxo.csproj", "{B7786956-07B8-450F-A107-32195F4E9AEB}"
EndProject
Project("{FAE04EC0-301F-11D3-BF4B-00C04F79EFBC}") = "WpfCalculatorTag", "WpfCalculatorTag\WpfCalculatorTag.csproj", "{0BC1BE60-C6B2-48E4-8E61-4C394D593121}"
EndProject
Project("{FAE04EC0-301F-11D3-BF4B-00C04F79EFBC}") = "WpfOpties", "WpfOpties\WpfOpties.csproj", "{4DD6F6D2-E027-4102-AC89-5B958288FE90}"
EndProject
Global
	GlobalSection(SolutionConfigurationPlatforms) = preSolution
		Debug|Any CPU = Debug|Any CPU
		Release|Any CPU = Release|Any CPU
	EndGlobalSection
	GlobalSection(ProjectConfigurationPlatforms) = postSolution
		{0363B8CE-9B4D-4D9D-8964-4B7C69869E24}.Debug|Any CPU.ActiveCfg = Debug|Any CPU
		{0363B8CE-9B4D-4D9D-8964-4B7C69869E24}.Debug|Any CPU.Build.0 = Debug|Any CPU
		{0363B8CE-9B4D-4D9D-8964-4B7C69869E24}.Release|Any CPU.ActiveCfg = Release|Any CPU
		{0363B8CE-9B4D-4D9D-8964-4B7C69869E24}.Release|Any CPU.Build.0 = Release|Any CPU
		{A66CF950-F6D1-42C6-A0C9-D1E49AD8BFE1}.Debug|Any CPU.ActiveCfg = Debug|Any CPU
		{A66CF950-F6D1-42C6-A0C9-D1E49AD8BFE1}.Debug|Any CPU.Build.0 = Debug|Any CPU
		{A66CF950-F6D1-42C6-A0C9-D1E49AD8BFE1}.Release|Any CPU.ActiveCfg = Release|Any CPU
		{A66CF950-F6D1-42C6-A0C9-D1E49AD8BFE1}.Release|Any CPU.Build.0 = Release|Any CPU
		{B7786956-07B8-450F-A107-32195F4E9AEB}.Debug|Any CPU.ActiveCfg = Debug|Any CPU
		{B7786956-07B8-450F-A107-32195F4E9AEB}.Debug|Any CPU.Build.0 = Debug|Any CPU
		{B7786956-07B8-450F-A107-32195F4E9AEB}.Release|Any CPU.ActiveCfg = Release|Any CPU
		{B7786956-07B8-450F-A107-32195F4E9AEB}.Release|Any CPU.Build.0 = Release|Any CPU
		{0BC1BE60-C6B2-48E4-8E61-4C394D593121}.Debug|Any CPU.ActiveCfg = Debug|Any CPU
		{0BC1BE60-C6B2-48E4-8E61-4C394D593121}.Debug|Any CPU.Build.0 = Debug|Any CPU
		{0BC1BE60-C6B2-48E4-8E61-4C394D593121}.Release|Any CPU.ActiveCfg = Release|Any CPU
		{0BC1BE60-C6B2-48E4-8E61-4C394D593121}.Release|Any CPU.Build.0 = Release|Any CPU
		{4DD6F6D2-E027-4102-AC89-5B958288FE90}.Debug|Any CPU.ActiveCfg = Debug|Any CPU
		{4DD6F6D2-E027-4102-AC89-5B958288FE90}.Debug|Any CPU.Build.0 = Debug|Any CPU
		{4DD6F6D2-E027-4102-AC89-5B958288FE90}.Release|Any CPU.ActiveCfg = Release|Any CPU
		{4DD6F6D2-E027-4102-AC89-5B958288FE90}.Release|Any CPU.Build.0 = Release|Any CPU
	EndGlobalSection
	GlobalSection(SolutionProperties) = preSolution
		HideSolutionNode = FALSE
	EndGlobalSection
	GlobalSection(ExtensibilityGlobals) = postSolution
		SolutionGuid = {99E1904D-B46D-463C-BA12-BCDE1C02B6F0}
	EndGlobalSection
EndGlobal
