
Microsoft Visual Studio Solution File, Format Version 12.00
# Visual Studio Version 16
VisualStudioVersion = 16.0.30611.23
MinimumVisualStudioVersion = 10.0.40219.1
Project("{FAE04EC0-301F-11D3-BF4B-00C04F79EFBC}") = "ConsoleSom", "ConsoleSom\ConsoleSom.csproj", "{74346FD4-4AFC-4173-BA4C-08810C8D4268}"
EndProject
Project("{FAE04EC0-301F-11D3-BF4B-00C04F79EFBC}") = "ConsoleLancering", "ConsoleLancering\ConsoleLancering.csproj", "{D09F98E3-90E3-487A-8879-352611302275}"
EndProject
Project("{FAE04EC0-301F-11D3-BF4B-00C04F79EFBC}") = "ConsoleRaden", "ConsoleRaden\ConsoleRaden.csproj", "{179EF70F-95FA-4944-BED0-D8E72E5C09CE}"
EndProject
Project("{FAE04EC0-301F-11D3-BF4B-00C04F79EFBC}") = "ConsoleGGD", "ConsoleGGD\ConsoleGGD.csproj", "{670DB719-DF7F-4682-B1BA-8B240ABCA28C}"
EndProject
Project("{FAE04EC0-301F-11D3-BF4B-00C04F79EFBC}") = "ConsoleBankautomaat", "ConsoleBankautomaat\ConsoleBankautomaat.csproj", "{38799E99-936D-4B3D-9E96-DF0AA441DF2C}"
EndProject
Project("{FAE04EC0-301F-11D3-BF4B-00C04F79EFBC}") = "ConsoleKlinkers", "ConsoleKlinkers\ConsoleKlinkers.csproj", "{A6AB0B25-3DB5-4FC3-A453-DCFD69DF24FB}"
EndProject
Project("{FAE04EC0-301F-11D3-BF4B-00C04F79EFBC}") = "ConsoleOnderBoven", "ConsoleOnderBoven\ConsoleOnderBoven.csproj", "{F80A93B3-266F-4A64-9497-0BB4D6D52C2C}"
EndProject
Project("{FAE04EC0-301F-11D3-BF4B-00C04F79EFBC}") = "WpfPriemgetal", "WpfPriemgetal\WpfPriemgetal.csproj", "{5B840E04-D9F6-41F0-BCEB-5ED18AB12D11}"
EndProject
Project("{FAE04EC0-301F-11D3-BF4B-00C04F79EFBC}") = "WpfBoodschappenlijst", "WpfBoodschappenlijst\WpfBoodschappenlijst.csproj", "{4D55871F-334A-4451-951A-0DA2ABF3E3D7}"
EndProject
Global
	GlobalSection(SolutionConfigurationPlatforms) = preSolution
		Debug|Any CPU = Debug|Any CPU
		Release|Any CPU = Release|Any CPU
	EndGlobalSection
	GlobalSection(ProjectConfigurationPlatforms) = postSolution
		{74346FD4-4AFC-4173-BA4C-08810C8D4268}.Debug|Any CPU.ActiveCfg = Debug|Any CPU
		{74346FD4-4AFC-4173-BA4C-08810C8D4268}.Debug|Any CPU.Build.0 = Debug|Any CPU
		{74346FD4-4AFC-4173-BA4C-08810C8D4268}.Release|Any CPU.ActiveCfg = Release|Any CPU
		{74346FD4-4AFC-4173-BA4C-08810C8D4268}.Release|Any CPU.Build.0 = Release|Any CPU
		{D09F98E3-90E3-487A-8879-352611302275}.Debug|Any CPU.ActiveCfg = Debug|Any CPU
		{D09F98E3-90E3-487A-8879-352611302275}.Debug|Any CPU.Build.0 = Debug|Any CPU
		{D09F98E3-90E3-487A-8879-352611302275}.Release|Any CPU.ActiveCfg = Release|Any CPU
		{D09F98E3-90E3-487A-8879-352611302275}.Release|Any CPU.Build.0 = Release|Any CPU
		{179EF70F-95FA-4944-BED0-D8E72E5C09CE}.Debug|Any CPU.ActiveCfg = Debug|Any CPU
		{179EF70F-95FA-4944-BED0-D8E72E5C09CE}.Debug|Any CPU.Build.0 = Debug|Any CPU
		{179EF70F-95FA-4944-BED0-D8E72E5C09CE}.Release|Any CPU.ActiveCfg = Release|Any CPU
		{179EF70F-95FA-4944-BED0-D8E72E5C09CE}.Release|Any CPU.Build.0 = Release|Any CPU
		{670DB719-DF7F-4682-B1BA-8B240ABCA28C}.Debug|Any CPU.ActiveCfg = Debug|Any CPU
		{670DB719-DF7F-4682-B1BA-8B240ABCA28C}.Debug|Any CPU.Build.0 = Debug|Any CPU
		{670DB719-DF7F-4682-B1BA-8B240ABCA28C}.Release|Any CPU.ActiveCfg = Release|Any CPU
		{670DB719-DF7F-4682-B1BA-8B240ABCA28C}.Release|Any CPU.Build.0 = Release|Any CPU
		{38799E99-936D-4B3D-9E96-DF0AA441DF2C}.Debug|Any CPU.ActiveCfg = Debug|Any CPU
		{38799E99-936D-4B3D-9E96-DF0AA441DF2C}.Debug|Any CPU.Build.0 = Debug|Any CPU
		{38799E99-936D-4B3D-9E96-DF0AA441DF2C}.Release|Any CPU.ActiveCfg = Release|Any CPU
		{38799E99-936D-4B3D-9E96-DF0AA441DF2C}.Release|Any CPU.Build.0 = Release|Any CPU
		{A6AB0B25-3DB5-4FC3-A453-DCFD69DF24FB}.Debug|Any CPU.ActiveCfg = Debug|Any CPU
		{A6AB0B25-3DB5-4FC3-A453-DCFD69DF24FB}.Debug|Any CPU.Build.0 = Debug|Any CPU
		{A6AB0B25-3DB5-4FC3-A453-DCFD69DF24FB}.Release|Any CPU.ActiveCfg = Release|Any CPU
		{A6AB0B25-3DB5-4FC3-A453-DCFD69DF24FB}.Release|Any CPU.Build.0 = Release|Any CPU
		{F80A93B3-266F-4A64-9497-0BB4D6D52C2C}.Debug|Any CPU.ActiveCfg = Debug|Any CPU
		{F80A93B3-266F-4A64-9497-0BB4D6D52C2C}.Debug|Any CPU.Build.0 = Debug|Any CPU
		{F80A93B3-266F-4A64-9497-0BB4D6D52C2C}.Release|Any CPU.ActiveCfg = Release|Any CPU
		{F80A93B3-266F-4A64-9497-0BB4D6D52C2C}.Release|Any CPU.Build.0 = Release|Any CPU
		{5B840E04-D9F6-41F0-BCEB-5ED18AB12D11}.Debug|Any CPU.ActiveCfg = Debug|Any CPU
		{5B840E04-D9F6-41F0-BCEB-5ED18AB12D11}.Debug|Any CPU.Build.0 = Debug|Any CPU
		{5B840E04-D9F6-41F0-BCEB-5ED18AB12D11}.Release|Any CPU.ActiveCfg = Release|Any CPU
		{5B840E04-D9F6-41F0-BCEB-5ED18AB12D11}.Release|Any CPU.Build.0 = Release|Any CPU
		{4D55871F-334A-4451-951A-0DA2ABF3E3D7}.Debug|Any CPU.ActiveCfg = Debug|Any CPU
		{4D55871F-334A-4451-951A-0DA2ABF3E3D7}.Debug|Any CPU.Build.0 = Debug|Any CPU
		{4D55871F-334A-4451-951A-0DA2ABF3E3D7}.Release|Any CPU.ActiveCfg = Release|Any CPU
		{4D55871F-334A-4451-951A-0DA2ABF3E3D7}.Release|Any CPU.Build.0 = Release|Any CPU
	EndGlobalSection
	GlobalSection(SolutionProperties) = preSolution
		HideSolutionNode = FALSE
	EndGlobalSection
	GlobalSection(ExtensibilityGlobals) = postSolution
		SolutionGuid = {A681174F-DD79-4516-9E60-3CAE948A9845}
	EndGlobalSection
EndGlobal
