
Microsoft Visual Studio Solution File, Format Version 12.00
# Visual Studio Version 16
VisualStudioVersion = 16.0.30611.23
MinimumVisualStudioVersion = 10.0.40219.1
Project("{FAE04EC0-301F-11D3-BF4B-00C04F79EFBC}") = "ConsoleFibonacci", "ConsoleFibonacci\ConsoleFibonacci.csproj", "{D798796D-33C9-40C0-AA05-D7B387E74984}"
EndProject
Project("{FAE04EC0-301F-11D3-BF4B-00C04F79EFBC}") = "ConsolePaswoordenSorteren", "ConsolePaswoordenSorteren\ConsolePaswoordenSorteren.csproj", "{FEE89A02-C7FF-4394-BB32-968B3D8F16B6}"
EndProject
Project("{FAE04EC0-301F-11D3-BF4B-00C04F79EFBC}") = "ConsoleScores", "ConsoleScores\ConsoleScores.csproj", "{D8804947-F316-434E-BEFB-17C332A56C5C}"
EndProject
Project("{FAE04EC0-301F-11D3-BF4B-00C04F79EFBC}") = "ConsoleScores (vervolg)", "ConsoleScores (vervolg)\ConsoleScores (vervolg).csproj", "{CD2BEAFF-46C4-45D8-9256-0BAACA9245E7}"
EndProject
Project("{FAE04EC0-301F-11D3-BF4B-00C04F79EFBC}") = "WpfKwistet", "WpfKwistet\WpfKwistet.csproj", "{E1E44172-40C2-4200-9466-CC539F41F0D5}"
EndProject
Global
	GlobalSection(SolutionConfigurationPlatforms) = preSolution
		Debug|Any CPU = Debug|Any CPU
		Release|Any CPU = Release|Any CPU
	EndGlobalSection
	GlobalSection(ProjectConfigurationPlatforms) = postSolution
		{D798796D-33C9-40C0-AA05-D7B387E74984}.Debug|Any CPU.ActiveCfg = Debug|Any CPU
		{D798796D-33C9-40C0-AA05-D7B387E74984}.Debug|Any CPU.Build.0 = Debug|Any CPU
		{D798796D-33C9-40C0-AA05-D7B387E74984}.Release|Any CPU.ActiveCfg = Release|Any CPU
		{D798796D-33C9-40C0-AA05-D7B387E74984}.Release|Any CPU.Build.0 = Release|Any CPU
		{FEE89A02-C7FF-4394-BB32-968B3D8F16B6}.Debug|Any CPU.ActiveCfg = Debug|Any CPU
		{FEE89A02-C7FF-4394-BB32-968B3D8F16B6}.Debug|Any CPU.Build.0 = Debug|Any CPU
		{FEE89A02-C7FF-4394-BB32-968B3D8F16B6}.Release|Any CPU.ActiveCfg = Release|Any CPU
		{FEE89A02-C7FF-4394-BB32-968B3D8F16B6}.Release|Any CPU.Build.0 = Release|Any CPU
		{D8804947-F316-434E-BEFB-17C332A56C5C}.Debug|Any CPU.ActiveCfg = Debug|Any CPU
		{D8804947-F316-434E-BEFB-17C332A56C5C}.Debug|Any CPU.Build.0 = Debug|Any CPU
		{D8804947-F316-434E-BEFB-17C332A56C5C}.Release|Any CPU.ActiveCfg = Release|Any CPU
		{D8804947-F316-434E-BEFB-17C332A56C5C}.Release|Any CPU.Build.0 = Release|Any CPU
		{CD2BEAFF-46C4-45D8-9256-0BAACA9245E7}.Debug|Any CPU.ActiveCfg = Debug|Any CPU
		{CD2BEAFF-46C4-45D8-9256-0BAACA9245E7}.Debug|Any CPU.Build.0 = Debug|Any CPU
		{CD2BEAFF-46C4-45D8-9256-0BAACA9245E7}.Release|Any CPU.ActiveCfg = Release|Any CPU
		{CD2BEAFF-46C4-45D8-9256-0BAACA9245E7}.Release|Any CPU.Build.0 = Release|Any CPU
		{E1E44172-40C2-4200-9466-CC539F41F0D5}.Debug|Any CPU.ActiveCfg = Debug|Any CPU
		{E1E44172-40C2-4200-9466-CC539F41F0D5}.Debug|Any CPU.Build.0 = Debug|Any CPU
		{E1E44172-40C2-4200-9466-CC539F41F0D5}.Release|Any CPU.ActiveCfg = Release|Any CPU
		{E1E44172-40C2-4200-9466-CC539F41F0D5}.Release|Any CPU.Build.0 = Release|Any CPU
	EndGlobalSection
	GlobalSection(SolutionProperties) = preSolution
		HideSolutionNode = FALSE
	EndGlobalSection
	GlobalSection(ExtensibilityGlobals) = postSolution
		SolutionGuid = {2A7AB8DB-31F7-402B-AA5B-B729E375BEB6}
	EndGlobalSection
EndGlobal
