
Microsoft Visual Studio Solution File, Format Version 12.00
# Visual Studio Version 16
VisualStudioVersion = 16.0.30611.23
MinimumVisualStudioVersion = 10.0.40219.1
Project("{FAE04EC0-301F-11D3-BF4B-00C04F79EFBC}") = "ConsoleTafels", "ConsoleTafels\ConsoleTafels.csproj", "{77DD6482-651B-449A-9ECA-4BC28CB4F1ED}"
EndProject
Project("{FAE04EC0-301F-11D3-BF4B-00C04F79EFBC}") = "ConsoleFaculteit", "ConsoleFaculteit\ConsoleFaculteit.csproj", "{5B7CE6A5-3654-4095-A286-724AE54785D3}"
EndProject
Project("{FAE04EC0-301F-11D3-BF4B-00C04F79EFBC}") = "ConsoleSchrikkeljaar", "ConsoleSchrikkeljaar\ConsoleSchrikkeljaar.csproj", "{AD2C9D56-5E3B-45B2-9337-461A64EFCB9B}"
EndProject
Project("{FAE04EC0-301F-11D3-BF4B-00C04F79EFBC}") = "ConsoleTemperatuur", "ConsoleTemperatuur\ConsoleTemperatuur.csproj", "{CE0ED1E9-157E-43B8-AE47-8D63A81915D1}"
EndProject
Global
	GlobalSection(SolutionConfigurationPlatforms) = preSolution
		Debug|Any CPU = Debug|Any CPU
		Release|Any CPU = Release|Any CPU
	EndGlobalSection
	GlobalSection(ProjectConfigurationPlatforms) = postSolution
		{77DD6482-651B-449A-9ECA-4BC28CB4F1ED}.Debug|Any CPU.ActiveCfg = Debug|Any CPU
		{77DD6482-651B-449A-9ECA-4BC28CB4F1ED}.Debug|Any CPU.Build.0 = Debug|Any CPU
		{77DD6482-651B-449A-9ECA-4BC28CB4F1ED}.Release|Any CPU.ActiveCfg = Release|Any CPU
		{77DD6482-651B-449A-9ECA-4BC28CB4F1ED}.Release|Any CPU.Build.0 = Release|Any CPU
		{5B7CE6A5-3654-4095-A286-724AE54785D3}.Debug|Any CPU.ActiveCfg = Debug|Any CPU
		{5B7CE6A5-3654-4095-A286-724AE54785D3}.Debug|Any CPU.Build.0 = Debug|Any CPU
		{5B7CE6A5-3654-4095-A286-724AE54785D3}.Release|Any CPU.ActiveCfg = Release|Any CPU
		{5B7CE6A5-3654-4095-A286-724AE54785D3}.Release|Any CPU.Build.0 = Release|Any CPU
		{AD2C9D56-5E3B-45B2-9337-461A64EFCB9B}.Debug|Any CPU.ActiveCfg = Debug|Any CPU
		{AD2C9D56-5E3B-45B2-9337-461A64EFCB9B}.Debug|Any CPU.Build.0 = Debug|Any CPU
		{AD2C9D56-5E3B-45B2-9337-461A64EFCB9B}.Release|Any CPU.ActiveCfg = Release|Any CPU
		{AD2C9D56-5E3B-45B2-9337-461A64EFCB9B}.Release|Any CPU.Build.0 = Release|Any CPU
		{CE0ED1E9-157E-43B8-AE47-8D63A81915D1}.Debug|Any CPU.ActiveCfg = Debug|Any CPU
		{CE0ED1E9-157E-43B8-AE47-8D63A81915D1}.Debug|Any CPU.Build.0 = Debug|Any CPU
		{CE0ED1E9-157E-43B8-AE47-8D63A81915D1}.Release|Any CPU.ActiveCfg = Release|Any CPU
		{CE0ED1E9-157E-43B8-AE47-8D63A81915D1}.Release|Any CPU.Build.0 = Release|Any CPU
	EndGlobalSection
	GlobalSection(SolutionProperties) = preSolution
		HideSolutionNode = FALSE
	EndGlobalSection
	GlobalSection(ExtensibilityGlobals) = postSolution
		SolutionGuid = {5A06F8DC-AC2F-4C20-B144-0403A8D7DCCC}
	EndGlobalSection
EndGlobal
